
Microsoft Visual Studio Solution File, Format Version 12.00
# Visual Studio Version 17
VisualStudioVersion = 17.4.33103.184
MinimumVisualStudioVersion = 10.0.40219.1
Project("{FAE04EC0-301F-11D3-BF4B-00C04F79EFBC}") = "Small_Shop", "Small_Shop\Small_Shop.csproj", "{DC28B6E9-3448-4A13-9A3C-FCF49A3F81BC}"
EndProject
Project("{FAE04EC0-301F-11D3-BF4B-00C04F79EFBC}") = "Access_Model", "Access_Model\Access_Model.csproj", "{85AD2DB3-58A7-4F99-AF20-8A7508BF08DB}"
EndProject
Project("{FAE04EC0-301F-11D3-BF4B-00C04F79EFBC}") = "Domain_Model", "Domain_Model\Domain_Model.csproj", "{19BB5A5A-5D2A-4B09-B941-8BAF65A684C8}"
EndProject
Project("{FAE04EC0-301F-11D3-BF4B-00C04F79EFBC}") = "Services", "Services\Services.csproj", "{931376BB-B087-48B3-AB4D-DE89B3872AFC}"
EndProject
Global
	GlobalSection(SolutionConfigurationPlatforms) = preSolution
		Debug|Any CPU = Debug|Any CPU
		Release|Any CPU = Release|Any CPU
	EndGlobalSection
	GlobalSection(ProjectConfigurationPlatforms) = postSolution
		{DC28B6E9-3448-4A13-9A3C-FCF49A3F81BC}.Debug|Any CPU.ActiveCfg = Debug|Any CPU
		{DC28B6E9-3448-4A13-9A3C-FCF49A3F81BC}.Debug|Any CPU.Build.0 = Debug|Any CPU
		{DC28B6E9-3448-4A13-9A3C-FCF49A3F81BC}.Release|Any CPU.ActiveCfg = Release|Any CPU
		{DC28B6E9-3448-4A13-9A3C-FCF49A3F81BC}.Release|Any CPU.Build.0 = Release|Any CPU
		{85AD2DB3-58A7-4F99-AF20-8A7508BF08DB}.Debug|Any CPU.ActiveCfg = Debug|Any CPU
		{85AD2DB3-58A7-4F99-AF20-8A7508BF08DB}.Debug|Any CPU.Build.0 = Debug|Any CPU
		{85AD2DB3-58A7-4F99-AF20-8A7508BF08DB}.Release|Any CPU.ActiveCfg = Release|Any CPU
		{85AD2DB3-58A7-4F99-AF20-8A7508BF08DB}.Release|Any CPU.Build.0 = Release|Any CPU
		{19BB5A5A-5D2A-4B09-B941-8BAF65A684C8}.Debug|Any CPU.ActiveCfg = Debug|Any CPU
		{19BB5A5A-5D2A-4B09-B941-8BAF65A684C8}.Debug|Any CPU.Build.0 = Debug|Any CPU
		{19BB5A5A-5D2A-4B09-B941-8BAF65A684C8}.Release|Any CPU.ActiveCfg = Release|Any CPU
		{19BB5A5A-5D2A-4B09-B941-8BAF65A684C8}.Release|Any CPU.Build.0 = Release|Any CPU
		{931376BB-B087-48B3-AB4D-DE89B3872AFC}.Debug|Any CPU.ActiveCfg = Debug|Any CPU
		{931376BB-B087-48B3-AB4D-DE89B3872AFC}.Debug|Any CPU.Build.0 = Debug|Any CPU
		{931376BB-B087-48B3-AB4D-DE89B3872AFC}.Release|Any CPU.ActiveCfg = Release|Any CPU
		{931376BB-B087-48B3-AB4D-DE89B3872AFC}.Release|Any CPU.Build.0 = Release|Any CPU
	EndGlobalSection
	GlobalSection(SolutionProperties) = preSolution
		HideSolutionNode = FALSE
	EndGlobalSection
	GlobalSection(ExtensibilityGlobals) = postSolution
		SolutionGuid = {FDC75AA7-92D1-4338-A8DD-3F6D3C3FB01C}
	EndGlobalSection
EndGlobal
